
Microsoft Visual Studio Solution File, Format Version 12.00
# Visual Studio 15
VisualStudioVersion = 15.0.28307.136
MinimumVisualStudioVersion = 10.0.40219.1
Project("{FAE04EC0-301F-11D3-BF4B-00C04F79EFBC}") = "Sammak.MvvmWebApp", "Sammak.MvvmWebApp\Sammak.MvvmWebApp.csproj", "{426901E1-C8F1-4A63-8119-92651012059E}"
EndProject
Project("{FAE04EC0-301F-11D3-BF4B-00C04F79EFBC}") = "Sammak.MvvmWebApp.DataLayer", "Sammak.MvvmWebApp.DataLayer\Sammak.MvvmWebApp.DataLayer.csproj", "{B14F3ADC-4011-4CD4-9907-75AD5234DA76}"
EndProject
Project("{FAE04EC0-301F-11D3-BF4B-00C04F79EFBC}") = "Sammak.MvvmWebApp.ViewModelLayer", "Sammak.MvvmWebApp.ViewModelLayer\Sammak.MvvmWebApp.ViewModelLayer.csproj", "{2E257A79-B5C4-4DF1-B315-FF916F03EEBE}"
EndProject
Global
	GlobalSection(SolutionConfigurationPlatforms) = preSolution
		Debug|Any CPU = Debug|Any CPU
		Release|Any CPU = Release|Any CPU
	EndGlobalSection
	GlobalSection(ProjectConfigurationPlatforms) = postSolution
		{426901E1-C8F1-4A63-8119-92651012059E}.Debug|Any CPU.ActiveCfg = Debug|Any CPU
		{426901E1-C8F1-4A63-8119-92651012059E}.Debug|Any CPU.Build.0 = Debug|Any CPU
		{426901E1-C8F1-4A63-8119-92651012059E}.Release|Any CPU.ActiveCfg = Release|Any CPU
		{426901E1-C8F1-4A63-8119-92651012059E}.Release|Any CPU.Build.0 = Release|Any CPU
		{B14F3ADC-4011-4CD4-9907-75AD5234DA76}.Debug|Any CPU.ActiveCfg = Debug|Any CPU
		{B14F3ADC-4011-4CD4-9907-75AD5234DA76}.Debug|Any CPU.Build.0 = Debug|Any CPU
		{B14F3ADC-4011-4CD4-9907-75AD5234DA76}.Release|Any CPU.ActiveCfg = Release|Any CPU
		{B14F3ADC-4011-4CD4-9907-75AD5234DA76}.Release|Any CPU.Build.0 = Release|Any CPU
		{2E257A79-B5C4-4DF1-B315-FF916F03EEBE}.Debug|Any CPU.ActiveCfg = Debug|Any CPU
		{2E257A79-B5C4-4DF1-B315-FF916F03EEBE}.Debug|Any CPU.Build.0 = Debug|Any CPU
		{2E257A79-B5C4-4DF1-B315-FF916F03EEBE}.Release|Any CPU.ActiveCfg = Release|Any CPU
		{2E257A79-B5C4-4DF1-B315-FF916F03EEBE}.Release|Any CPU.Build.0 = Release|Any CPU
	EndGlobalSection
	GlobalSection(SolutionProperties) = preSolution
		HideSolutionNode = FALSE
	EndGlobalSection
	GlobalSection(ExtensibilityGlobals) = postSolution
		SolutionGuid = {BE357C20-AF61-42B8-B0F2-2115242557B6}
	EndGlobalSection
EndGlobal
